// !$*UTF8*$!
{
	archiveVersion = 1;
	classes = {
	};
	objectVersion = 50;
	objects = {

/* Begin PBXBuildFile section */
		BC1ECDED24B6B51700418BCF /* GradientFactory.swift in Sources */ = {isa = PBXBuildFile; fileRef = BC1ECDEC24B6B51700418BCF /* GradientFactory.swift */; };
		BC1ECDF024B6B62400418BCF /* ButtonFactory.swift in Sources */ = {isa = PBXBuildFile; fileRef = BC1ECDEF24B6B62400418BCF /* ButtonFactory.swift */; };
		BC1ECDF224B6B8B100418BCF /* LabelFactory.swift in Sources */ = {isa = PBXBuildFile; fileRef = BC1ECDF124B6B8B100418BCF /* LabelFactory.swift */; };
		BC1ECDF424B6B96A00418BCF /* ShapeFactory.swift in Sources */ = {isa = PBXBuildFile; fileRef = BC1ECDF324B6B96A00418BCF /* ShapeFactory.swift */; };
		BC1ECDF624B6BD6400418BCF /* ColorFactory.swift in Sources */ = {isa = PBXBuildFile; fileRef = BC1ECDF524B6BD6400418BCF /* ColorFactory.swift */; };
		BCCD1C7E23ECE4EB000A7645 /* Colors.swift in Sources */ = {isa = PBXBuildFile; fileRef = BCCD1C7D23ECE4EB000A7645 /* Colors.swift */; };
		BCD5C53D23E6629500405DEA /* AppDelegate.swift in Sources */ = {isa = PBXBuildFile; fileRef = BCD5C53C23E6629500405DEA /* AppDelegate.swift */; };
		BCD5C53F23E6629500405DEA /* SceneDelegate.swift in Sources */ = {isa = PBXBuildFile; fileRef = BCD5C53E23E6629500405DEA /* SceneDelegate.swift */; };
		BCD5C54123E6629500405DEA /* ViewController.swift in Sources */ = {isa = PBXBuildFile; fileRef = BCD5C54023E6629500405DEA /* ViewController.swift */; };
		BCD5C54423E6629500405DEA /* Main.storyboard in Resources */ = {isa = PBXBuildFile; fileRef = BCD5C54223E6629500405DEA /* Main.storyboard */; };
		BCD5C54623E6629900405DEA /* Assets.xcassets in Resources */ = {isa = PBXBuildFile; fileRef = BCD5C54523E6629900405DEA /* Assets.xcassets */; };
		BCD5C54923E6629900405DEA /* LaunchScreen.storyboard in Resources */ = {isa = PBXBuildFile; fileRef = BCD5C54723E6629900405DEA /* LaunchScreen.storyboard */; };
		BCD5C55323E6759B00405DEA /* Constraints.swift in Sources */ = {isa = PBXBuildFile; fileRef = BCD5C55223E6759B00405DEA /* Constraints.swift */; };
		BCD986DA23EB9B910046B4CA /* Oswald-BoldItalic.ttf in Resources */ = {isa = PBXBuildFile; fileRef = BCD986CB23EB9B910046B4CA /* Oswald-BoldItalic.ttf */; };
		BCD986DB23EB9B910046B4CA /* Oswald-ExtraLight.ttf in Resources */ = {isa = PBXBuildFile; fileRef = BCD986CC23EB9B910046B4CA /* Oswald-ExtraLight.ttf */; };
		BCD986DC23EB9B910046B4CA /* Oswald-Demi-BoldItalic.ttf in Resources */ = {isa = PBXBuildFile; fileRef = BCD986CD23EB9B910046B4CA /* Oswald-Demi-BoldItalic.ttf */; };
		BCD986DD23EB9B910046B4CA /* Oswald-Extra-LightItalic.ttf in Resources */ = {isa = PBXBuildFile; fileRef = BCD986CE23EB9B910046B4CA /* Oswald-Extra-LightItalic.ttf */; };
		BCD986DE23EB9B910046B4CA /* Oswald-Stencil.ttf in Resources */ = {isa = PBXBuildFile; fileRef = BCD986CF23EB9B910046B4CA /* Oswald-Stencil.ttf */; };
		BCD986DF23EB9B910046B4CA /* Oswald-Medium.ttf in Resources */ = {isa = PBXBuildFile; fileRef = BCD986D023EB9B910046B4CA /* Oswald-Medium.ttf */; };
		BCD986E023EB9B910046B4CA /* Oswald-DemiBold.ttf in Resources */ = {isa = PBXBuildFile; fileRef = BCD986D123EB9B910046B4CA /* Oswald-DemiBold.ttf */; };
		BCD986E123EB9B910046B4CA /* Oswald-Light.ttf in Resources */ = {isa = PBXBuildFile; fileRef = BCD986D223EB9B910046B4CA /* Oswald-Light.ttf */; };
		BCD986E223EB9B910046B4CA /* Oswald-HeavyItalic.ttf in Resources */ = {isa = PBXBuildFile; fileRef = BCD986D323EB9B910046B4CA /* Oswald-HeavyItalic.ttf */; };
		BCD986E323EB9B910046B4CA /* Oswald-LightItalic.ttf in Resources */ = {isa = PBXBuildFile; fileRef = BCD986D423EB9B910046B4CA /* Oswald-LightItalic.ttf */; };
		BCD986E423EB9B910046B4CA /* Oswald-MediumItalic.ttf in Resources */ = {isa = PBXBuildFile; fileRef = BCD986D523EB9B910046B4CA /* Oswald-MediumItalic.ttf */; };
		BCD986E523EB9B910046B4CA /* Oswald-Heavy.ttf in Resources */ = {isa = PBXBuildFile; fileRef = BCD986D623EB9B910046B4CA /* Oswald-Heavy.ttf */; };
		BCD986E623EB9B910046B4CA /* Oswald-Bold.ttf in Resources */ = {isa = PBXBuildFile; fileRef = BCD986D723EB9B910046B4CA /* Oswald-Bold.ttf */; };
		BCD986E723EB9B910046B4CA /* Oswald-Regular.ttf in Resources */ = {isa = PBXBuildFile; fileRef = BCD986D823EB9B910046B4CA /* Oswald-Regular.ttf */; };
		BCD986E823EB9B910046B4CA /* Oswald-RegularItalic.ttf in Resources */ = {isa = PBXBuildFile; fileRef = BCD986D923EB9B910046B4CA /* Oswald-RegularItalic.ttf */; };
		BCD986EA23EB9D820046B4CA /* Fonts.swift in Sources */ = {isa = PBXBuildFile; fileRef = BCD986E923EB9D820046B4CA /* Fonts.swift */; };
		BCD986EC23EBAB960046B4CA /* ChronometerView.swift in Sources */ = {isa = PBXBuildFile; fileRef = BCD986EB23EBAB960046B4CA /* ChronometerView.swift */; };
/* End PBXBuildFile section */

/* Begin PBXFileReference section */
		BC1ECDEC24B6B51700418BCF /* GradientFactory.swift */ = {isa = PBXFileReference; lastKnownFileType = sourcecode.swift; path = GradientFactory.swift; sourceTree = "<group>"; };
		BC1ECDEF24B6B62400418BCF /* ButtonFactory.swift */ = {isa = PBXFileReference; lastKnownFileType = sourcecode.swift; path = ButtonFactory.swift; sourceTree = "<group>"; };
		BC1ECDF124B6B8B100418BCF /* LabelFactory.swift */ = {isa = PBXFileReference; lastKnownFileType = sourcecode.swift; path = LabelFactory.swift; sourceTree = "<group>"; };
		BC1ECDF324B6B96A00418BCF /* ShapeFactory.swift */ = {isa = PBXFileReference; lastKnownFileType = sourcecode.swift; path = ShapeFactory.swift; sourceTree = "<group>"; };
		BC1ECDF524B6BD6400418BCF /* ColorFactory.swift */ = {isa = PBXFileReference; lastKnownFileType = sourcecode.swift; path = ColorFactory.swift; sourceTree = "<group>"; };
		BCCD1C7D23ECE4EB000A7645 /* Colors.swift */ = {isa = PBXFileReference; lastKnownFileType = sourcecode.swift; path = Colors.swift; sourceTree = "<group>"; };
		BCD5C53923E6629500405DEA /* Chronometer.app */ = {isa = PBXFileReference; explicitFileType = wrapper.application; includeInIndex = 0; path = Chronometer.app; sourceTree = BUILT_PRODUCTS_DIR; };
		BCD5C53C23E6629500405DEA /* AppDelegate.swift */ = {isa = PBXFileReference; lastKnownFileType = sourcecode.swift; path = AppDelegate.swift; sourceTree = "<group>"; };
		BCD5C53E23E6629500405DEA /* SceneDelegate.swift */ = {isa = PBXFileReference; lastKnownFileType = sourcecode.swift; path = SceneDelegate.swift; sourceTree = "<group>"; };
		BCD5C54023E6629500405DEA /* ViewController.swift */ = {isa = PBXFileReference; lastKnownFileType = sourcecode.swift; path = ViewController.swift; sourceTree = "<group>"; };
		BCD5C54323E6629500405DEA /* Base */ = {isa = PBXFileReference; lastKnownFileType = file.storyboard; name = Base; path = Base.lproj/Main.storyboard; sourceTree = "<group>"; };
		BCD5C54523E6629900405DEA /* Assets.xcassets */ = {isa = PBXFileReference; lastKnownFileType = folder.assetcatalog; path = Assets.xcassets; sourceTree = "<group>"; };
		BCD5C54823E6629900405DEA /* Base */ = {isa = PBXFileReference; lastKnownFileType = file.storyboard; name = Base; path = Base.lproj/LaunchScreen.storyboard; sourceTree = "<group>"; };
		BCD5C54A23E6629900405DEA /* Info.plist */ = {isa = PBXFileReference; lastKnownFileType = text.plist.xml; path = Info.plist; sourceTree = "<group>"; };
		BCD5C55223E6759B00405DEA /* Constraints.swift */ = {isa = PBXFileReference; lastKnownFileType = sourcecode.swift; path = Constraints.swift; sourceTree = "<group>"; };
		BCD986CB23EB9B910046B4CA /* Oswald-BoldItalic.ttf */ = {isa = PBXFileReference; lastKnownFileType = file; path = "Oswald-BoldItalic.ttf"; sourceTree = "<group>"; };
		BCD986CC23EB9B910046B4CA /* Oswald-ExtraLight.ttf */ = {isa = PBXFileReference; lastKnownFileType = file; path = "Oswald-ExtraLight.ttf"; sourceTree = "<group>"; };
		BCD986CD23EB9B910046B4CA /* Oswald-Demi-BoldItalic.ttf */ = {isa = PBXFileReference; lastKnownFileType = file; path = "Oswald-Demi-BoldItalic.ttf"; sourceTree = "<group>"; };
		BCD986CE23EB9B910046B4CA /* Oswald-Extra-LightItalic.ttf */ = {isa = PBXFileReference; lastKnownFileType = file; path = "Oswald-Extra-LightItalic.ttf"; sourceTree = "<group>"; };
		BCD986CF23EB9B910046B4CA /* Oswald-Stencil.ttf */ = {isa = PBXFileReference; lastKnownFileType = file; path = "Oswald-Stencil.ttf"; sourceTree = "<group>"; };
		BCD986D023EB9B910046B4CA /* Oswald-Medium.ttf */ = {isa = PBXFileReference; lastKnownFileType = file; path = "Oswald-Medium.ttf"; sourceTree = "<group>"; };
		BCD986D123EB9B910046B4CA /* Oswald-DemiBold.ttf */ = {isa = PBXFileReference; lastKnownFileType = file; path = "Oswald-DemiBold.ttf"; sourceTree = "<group>"; };
		BCD986D223EB9B910046B4CA /* Oswald-Light.ttf */ = {isa = PBXFileReference; lastKnownFileType = file; path = "Oswald-Light.ttf"; sourceTree = "<group>"; };
		BCD986D323EB9B910046B4CA /* Oswald-HeavyItalic.ttf */ = {isa = PBXFileReference; lastKnownFileType = file; path = "Oswald-HeavyItalic.ttf"; sourceTree = "<group>"; };
		BCD986D423EB9B910046B4CA /* Oswald-LightItalic.ttf */ = {isa = PBXFileReference; lastKnownFileType = file; path = "Oswald-LightItalic.ttf"; sourceTree = "<group>"; };
		BCD986D523EB9B910046B4CA /* Oswald-MediumItalic.ttf */ = {isa = PBXFileReference; lastKnownFileType = file; path = "Oswald-MediumItalic.ttf"; sourceTree = "<group>"; };
		BCD986D623EB9B910046B4CA /* Oswald-Heavy.ttf */ = {isa = PBXFileReference; lastKnownFileType = file; path = "Oswald-Heavy.ttf"; sourceTree = "<group>"; };
		BCD986D723EB9B910046B4CA /* Oswald-Bold.ttf */ = {isa = PBXFileReference; lastKnownFileType = file; path = "Oswald-Bold.ttf"; sourceTree = "<group>"; };
		BCD986D823EB9B910046B4CA /* Oswald-Regular.ttf */ = {isa = PBXFileReference; lastKnownFileType = file; path = "Oswald-Regular.ttf"; sourceTree = "<group>"; };
		BCD986D923EB9B910046B4CA /* Oswald-RegularItalic.ttf */ = {isa = PBXFileReference; lastKnownFileType = file; path = "Oswald-RegularItalic.ttf"; sourceTree = "<group>"; };
		BCD986E923EB9D820046B4CA /* Fonts.swift */ = {isa = PBXFileReference; lastKnownFileType = sourcecode.swift; path = Fonts.swift; sourceTree = "<group>"; };
		BCD986EB23EBAB960046B4CA /* ChronometerView.swift */ = {isa = PBXFileReference; lastKnownFileType = sourcecode.swift; path = ChronometerView.swift; sourceTree = "<group>"; };
/* End PBXFileReference section */

/* Begin PBXFrameworksBuildPhase section */
		BCD5C53623E6629500405DEA /* Frameworks */ = {
			isa = PBXFrameworksBuildPhase;
			buildActionMask = 2147483647;
			files = (
			);
			runOnlyForDeploymentPostprocessing = 0;
		};
/* End PBXFrameworksBuildPhase section */

/* Begin PBXGroup section */
		BC1ECDEE24B6B60B00418BCF /* Factory */ = {
			isa = PBXGroup;
			children = (
				BC1ECDEC24B6B51700418BCF /* GradientFactory.swift */,
				BC1ECDEF24B6B62400418BCF /* ButtonFactory.swift */,
				BC1ECDF124B6B8B100418BCF /* LabelFactory.swift */,
				BC1ECDF324B6B96A00418BCF /* ShapeFactory.swift */,
				BC1ECDF524B6BD6400418BCF /* ColorFactory.swift */,
			);
			path = Factory;
			sourceTree = "<group>";
		};
		BCD5C53023E6629500405DEA = {
			isa = PBXGroup;
			children = (
				BCD5C53B23E6629500405DEA /* Chronometer */,
				BCD5C53A23E6629500405DEA /* Products */,
			);
			sourceTree = "<group>";
		};
		BCD5C53A23E6629500405DEA /* Products */ = {
			isa = PBXGroup;
			children = (
				BCD5C53923E6629500405DEA /* Chronometer.app */,
			);
			name = Products;
			sourceTree = "<group>";
		};
		BCD5C53B23E6629500405DEA /* Chronometer */ = {
			isa = PBXGroup;
			children = (
				BCD986CA23EB9B690046B4CA /* Font */,
				BC1ECDEE24B6B60B00418BCF /* Factory */,
				BCD986C723EB92060046B4CA /* Utility */,
				BCD5C53C23E6629500405DEA /* AppDelegate.swift */,
				BCD5C53E23E6629500405DEA /* SceneDelegate.swift */,
				BCD5C54023E6629500405DEA /* ViewController.swift */,
				BCD986EB23EBAB960046B4CA /* ChronometerView.swift */,
				BCD5C54223E6629500405DEA /* Main.storyboard */,
				BCD5C54523E6629900405DEA /* Assets.xcassets */,
				BCD5C54723E6629900405DEA /* LaunchScreen.storyboard */,
				BCD5C54A23E6629900405DEA /* Info.plist */,
			);
			path = Chronometer;
			sourceTree = "<group>";
		};
		BCD986C723EB92060046B4CA /* Utility */ = {
			isa = PBXGroup;
			children = (
				BCD5C55223E6759B00405DEA /* Constraints.swift */,
				BCD986E923EB9D820046B4CA /* Fonts.swift */,
				BCCD1C7D23ECE4EB000A7645 /* Colors.swift */,
			);
			path = Utility;
			sourceTree = "<group>";
		};
		BCD986CA23EB9B690046B4CA /* Font */ = {
			isa = PBXGroup;
			children = (
				BCD986D723EB9B910046B4CA /* Oswald-Bold.ttf */,
				BCD986CB23EB9B910046B4CA /* Oswald-BoldItalic.ttf */,
				BCD986CD23EB9B910046B4CA /* Oswald-Demi-BoldItalic.ttf */,
				BCD986D123EB9B910046B4CA /* Oswald-DemiBold.ttf */,
				BCD986CE23EB9B910046B4CA /* Oswald-Extra-LightItalic.ttf */,
				BCD986CC23EB9B910046B4CA /* Oswald-ExtraLight.ttf */,
				BCD986D623EB9B910046B4CA /* Oswald-Heavy.ttf */,
				BCD986D323EB9B910046B4CA /* Oswald-HeavyItalic.ttf */,
				BCD986D223EB9B910046B4CA /* Oswald-Light.ttf */,
				BCD986D423EB9B910046B4CA /* Oswald-LightItalic.ttf */,
				BCD986D023EB9B910046B4CA /* Oswald-Medium.ttf */,
				BCD986D523EB9B910046B4CA /* Oswald-MediumItalic.ttf */,
				BCD986D823EB9B910046B4CA /* Oswald-Regular.ttf */,
				BCD986D923EB9B910046B4CA /* Oswald-RegularItalic.ttf */,
				BCD986CF23EB9B910046B4CA /* Oswald-Stencil.ttf */,
			);
			path = Font;
			sourceTree = "<group>";
		};
/* End PBXGroup section */

/* Begin PBXNativeTarget section */
		BCD5C53823E6629500405DEA /* Chronometer */ = {
			isa = PBXNativeTarget;
			buildConfigurationList = BCD5C54D23E6629900405DEA /* Build configuration list for PBXNativeTarget "Chronometer" */;
			buildPhases = (
				BCD5C53523E6629500405DEA /* Sources */,
				BCD5C53623E6629500405DEA /* Frameworks */,
				BCD5C53723E6629500405DEA /* Resources */,
			);
			buildRules = (
			);
			dependencies = (
			);
			name = Chronometer;
			productName = Chronometer;
			productReference = BCD5C53923E6629500405DEA /* Chronometer.app */;
			productType = "com.apple.product-type.application";
		};
/* End PBXNativeTarget section */

/* Begin PBXProject section */
		BCD5C53123E6629500405DEA /* Project object */ = {
			isa = PBXProject;
			attributes = {
				LastSwiftUpdateCheck = 1120;
				LastUpgradeCheck = 1120;
				ORGANIZATIONNAME = "Bruno Lorenzo";
				TargetAttributes = {
					BCD5C53823E6629500405DEA = {
						CreatedOnToolsVersion = 11.2.1;
					};
				};
			};
			buildConfigurationList = BCD5C53423E6629500405DEA /* Build configuration list for PBXProject "Chronometer" */;
			compatibilityVersion = "Xcode 9.3";
			developmentRegion = en;
			hasScannedForEncodings = 0;
			knownRegions = (
				en,
				Base,
			);
			mainGroup = BCD5C53023E6629500405DEA;
			productRefGroup = BCD5C53A23E6629500405DEA /* Products */;
			projectDirPath = "";
			projectRoot = "";
			targets = (
				BCD5C53823E6629500405DEA /* Chronometer */,
			);
		};
/* End PBXProject section */

/* Begin PBXResourcesBuildPhase section */
		BCD5C53723E6629500405DEA /* Resources */ = {
			isa = PBXResourcesBuildPhase;
			buildActionMask = 2147483647;
			files = (
				BCD986E223EB9B910046B4CA /* Oswald-HeavyItalic.ttf in Resources */,
				BCD986E423EB9B910046B4CA /* Oswald-MediumItalic.ttf in Resources */,
				BCD986DC23EB9B910046B4CA /* Oswald-Demi-BoldItalic.ttf in Resources */,
				BCD986E623EB9B910046B4CA /* Oswald-Bold.ttf in Resources */,
				BCD5C54923E6629900405DEA /* LaunchScreen.storyboard in Resources */,
				BCD986E723EB9B910046B4CA /* Oswald-Regular.ttf in Resources */,
				BCD986E323EB9B910046B4CA /* Oswald-LightItalic.ttf in Resources */,
				BCD986E023EB9B910046B4CA /* Oswald-DemiBold.ttf in Resources */,
				BCD986DB23EB9B910046B4CA /* Oswald-ExtraLight.ttf in Resources */,
				BCD5C54623E6629900405DEA /* Assets.xcassets in Resources */,
				BCD5C54423E6629500405DEA /* Main.storyboard in Resources */,
				BCD986DA23EB9B910046B4CA /* Oswald-BoldItalic.ttf in Resources */,
				BCD986DF23EB9B910046B4CA /* Oswald-Medium.ttf in Resources */,
				BCD986E123EB9B910046B4CA /* Oswald-Light.ttf in Resources */,
				BCD986E523EB9B910046B4CA /* Oswald-Heavy.ttf in Resources */,
				BCD986E823EB9B910046B4CA /* Oswald-RegularItalic.ttf in Resources */,
				BCD986DD23EB9B910046B4CA /* Oswald-Extra-LightItalic.ttf in Resources */,
				BCD986DE23EB9B910046B4CA /* Oswald-Stencil.ttf in Resources */,
			);
			runOnlyForDeploymentPostprocessing = 0;
		};
/* End PBXResourcesBuildPhase section */

/* Begin PBXSourcesBuildPhase section */
		BCD5C53523E6629500405DEA /* Sources */ = {
			isa = PBXSourcesBuildPhase;
			buildActionMask = 2147483647;
			files = (
				BCD5C54123E6629500405DEA /* ViewController.swift in Sources */,
				BCCD1C7E23ECE4EB000A7645 /* Colors.swift in Sources */,
				BC1ECDF624B6BD6400418BCF /* ColorFactory.swift in Sources */,
				BCD5C53D23E6629500405DEA /* AppDelegate.swift in Sources */,
				BC1ECDF224B6B8B100418BCF /* LabelFactory.swift in Sources */,
				BCD5C55323E6759B00405DEA /* Constraints.swift in Sources */,
				BCD986EA23EB9D820046B4CA /* Fonts.swift in Sources */,
				BC1ECDF424B6B96A00418BCF /* ShapeFactory.swift in Sources */,
				BCD5C53F23E6629500405DEA /* SceneDelegate.swift in Sources */,
				BC1ECDF024B6B62400418BCF /* ButtonFactory.swift in Sources */,
				BCD986EC23EBAB960046B4CA /* ChronometerView.swift in Sources */,
				BC1ECDED24B6B51700418BCF /* GradientFactory.swift in Sources */,
			);
			runOnlyForDeploymentPostprocessing = 0;
		};
/* End PBXSourcesBuildPhase section */

/* Begin PBXVariantGroup section */
		BCD5C54223E6629500405DEA /* Main.storyboard */ = {
			isa = PBXVariantGroup;
			children = (
				BCD5C54323E6629500405DEA /* Base */,
			);
			name = Main.storyboard;
			sourceTree = "<group>";
		};
		BCD5C54723E6629900405DEA /* LaunchScreen.storyboard */ = {
			isa = PBXVariantGroup;
			children = (
				BCD5C54823E6629900405DEA /* Base */,
			);
			name = LaunchScreen.storyboard;
			sourceTree = "<group>";
		};
/* End PBXVariantGroup section */

/* Begin XCBuildConfiguration section */
		BCD5C54B23E6629900405DEA /* Debug */ = {
			isa = XCBuildConfiguration;
			buildSettings = {
				ALWAYS_SEARCH_USER_PATHS = NO;
				CLANG_ANALYZER_NONNULL = YES;
				CLANG_ANALYZER_NUMBER_OBJECT_CONVERSION = YES_AGGRESSIVE;
				CLANG_CXX_LANGUAGE_STANDARD = "gnu++14";
				CLANG_CXX_LIBRARY = "libc++";
				CLANG_ENABLE_MODULES = YES;
				CLANG_ENABLE_OBJC_ARC = YES;
				CLANG_ENABLE_OBJC_WEAK = YES;
				CLANG_WARN_BLOCK_CAPTURE_AUTORELEASING = YES;
				CLANG_WARN_BOOL_CONVERSION = YES;
				CLANG_WARN_COMMA = YES;
				CLANG_WARN_CONSTANT_CONVERSION = YES;
				CLANG_WARN_DEPRECATED_OBJC_IMPLEMENTATIONS = YES;
				CLANG_WARN_DIRECT_OBJC_ISA_USAGE = YES_ERROR;
				CLANG_WARN_DOCUMENTATION_COMMENTS = YES;
				CLANG_WARN_EMPTY_BODY = YES;
				CLANG_WARN_ENUM_CONVERSION = YES;
				CLANG_WARN_INFINITE_RECURSION = YES;
				CLANG_WARN_INT_CONVERSION = YES;
				CLANG_WARN_NON_LITERAL_NULL_CONVERSION = YES;
				CLANG_WARN_OBJC_IMPLICIT_RETAIN_SELF = YES;
				CLANG_WARN_OBJC_LITERAL_CONVERSION = YES;
				CLANG_WARN_OBJC_ROOT_CLASS = YES_ERROR;
				CLANG_WARN_RANGE_LOOP_ANALYSIS = YES;
				CLANG_WARN_STRICT_PROTOTYPES = YES;
				CLANG_WARN_SUSPICIOUS_MOVE = YES;
				CLANG_WARN_UNGUARDED_AVAILABILITY = YES_AGGRESSIVE;
				CLANG_WARN_UNREACHABLE_CODE = YES;
				CLANG_WARN__DUPLICATE_METHOD_MATCH = YES;
				COPY_PHASE_STRIP = NO;
				DEBUG_INFORMATION_FORMAT = dwarf;
				ENABLE_STRICT_OBJC_MSGSEND = YES;
				ENABLE_TESTABILITY = YES;
				GCC_C_LANGUAGE_STANDARD = gnu11;
				GCC_DYNAMIC_NO_PIC = NO;
				GCC_NO_COMMON_BLOCKS = YES;
				GCC_OPTIMIZATION_LEVEL = 0;
				GCC_PREPROCESSOR_DEFINITIONS = (
					"DEBUG=1",
					"$(inherited)",
				);
				GCC_WARN_64_TO_32_BIT_CONVERSION = YES;
				GCC_WARN_ABOUT_RETURN_TYPE = YES_ERROR;
				GCC_WARN_UNDECLARED_SELECTOR = YES;
				GCC_WARN_UNINITIALIZED_AUTOS = YES_AGGRESSIVE;
				GCC_WARN_UNUSED_FUNCTION = YES;
				GCC_WARN_UNUSED_VARIABLE = YES;
				IPHONEOS_DEPLOYMENT_TARGET = 13.2;
				MTL_ENABLE_DEBUG_INFO = INCLUDE_SOURCE;
				MTL_FAST_MATH = YES;
				ONLY_ACTIVE_ARCH = YES;
				SDKROOT = iphoneos;
				SWIFT_ACTIVE_COMPILATION_CONDITIONS = DEBUG;
				SWIFT_OPTIMIZATION_LEVEL = "-Onone";
			};
			name = Debug;
		};
		BCD5C54C23E6629900405DEA /* Release */ = {
			isa = XCBuildConfiguration;
			buildSettings = {
				ALWAYS_SEARCH_USER_PATHS = NO;
				CLANG_ANALYZER_NONNULL = YES;
				CLANG_ANALYZER_NUMBER_OBJECT_CONVERSION = YES_AGGRESSIVE;
				CLANG_CXX_LANGUAGE_STANDARD = "gnu++14";
				CLANG_CXX_LIBRARY = "libc++";
				CLANG_ENABLE_MODULES = YES;
				CLANG_ENABLE_OBJC_ARC = YES;
				CLANG_ENABLE_OBJC_WEAK = YES;
				CLANG_WARN_BLOCK_CAPTURE_AUTORELEASING = YES;
				CLANG_WARN_BOOL_CONVERSION = YES;
				CLANG_WARN_COMMA = YES;
				CLANG_WARN_CONSTANT_CONVERSION = YES;
				CLANG_WARN_DEPRECATED_OBJC_IMPLEMENTATIONS = YES;
				CLANG_WARN_DIRECT_OBJC_ISA_USAGE = YES_ERROR;
				CLANG_WARN_DOCUMENTATION_COMMENTS = YES;
				CLANG_WARN_EMPTY_BODY = YES;
				CLANG_WARN_ENUM_CONVERSION = YES;
				CLANG_WARN_INFINITE_RECURSION = YES;
				CLANG_WARN_INT_CONVERSION = YES;
				CLANG_WARN_NON_LITERAL_NULL_CONVERSION = YES;
				CLANG_WARN_OBJC_IMPLICIT_RETAIN_SELF = YES;
				CLANG_WARN_OBJC_LITERAL_CONVERSION = YES;
				CLANG_WARN_OBJC_ROOT_CLASS = YES_ERROR;
				CLANG_WARN_RANGE_LOOP_ANALYSIS = YES;
				CLANG_WARN_STRICT_PROTOTYPES = YES;
				CLANG_WARN_SUSPICIOUS_MOVE = YES;
				CLANG_WARN_UNGUARDED_AVAILABILITY = YES_AGGRESSIVE;
				CLANG_WARN_UNREACHABLE_CODE = YES;
				CLANG_WARN__DUPLICATE_METHOD_MATCH = YES;
				COPY_PHASE_STRIP = NO;
				DEBUG_INFORMATION_FORMAT = "dwarf-with-dsym";
				ENABLE_NS_ASSERTIONS = NO;
				ENABLE_STRICT_OBJC_MSGSEND = YES;
				GCC_C_LANGUAGE_STANDARD = gnu11;
				GCC_NO_COMMON_BLOCKS = YES;
				GCC_WARN_64_TO_32_BIT_CONVERSION = YES;
				GCC_WARN_ABOUT_RETURN_TYPE = YES_ERROR;
				GCC_WARN_UNDECLARED_SELECTOR = YES;
				GCC_WARN_UNINITIALIZED_AUTOS = YES_AGGRESSIVE;
				GCC_WARN_UNUSED_FUNCTION = YES;
				GCC_WARN_UNUSED_VARIABLE = YES;
				IPHONEOS_DEPLOYMENT_TARGET = 13.2;
				MTL_ENABLE_DEBUG_INFO = NO;
				MTL_FAST_MATH = YES;
				SDKROOT = iphoneos;
				SWIFT_COMPILATION_MODE = wholemodule;
				SWIFT_OPTIMIZATION_LEVEL = "-O";
				VALIDATE_PRODUCT = YES;
			};
			name = Release;
		};
		BCD5C54E23E6629900405DEA /* Debug */ = {
			isa = XCBuildConfiguration;
			buildSettings = {
				ASSETCATALOG_COMPILER_APPICON_NAME = AppIcon;
				CODE_SIGN_STYLE = Automatic;
				DEVELOPMENT_TEAM = H528SH9ZL6;
				INFOPLIST_FILE = Chronometer/Info.plist;
				LD_RUNPATH_SEARCH_PATHS = (
					"$(inherited)",
					"@executable_path/Frameworks",
				);
				PRODUCT_BUNDLE_IDENTIFIER = blorenzo.Chronometer;
				PRODUCT_NAME = "$(TARGET_NAME)";
				SWIFT_VERSION = 5.0;
				TARGETED_DEVICE_FAMILY = "1,2";
			};
			name = Debug;
		};
		BCD5C54F23E6629900405DEA /* Release */ = {
			isa = XCBuildConfiguration;
			buildSettings = {
				ASSETCATALOG_COMPILER_APPICON_NAME = AppIcon;
				CODE_SIGN_STYLE = Automatic;
				DEVELOPMENT_TEAM = H528SH9ZL6;
				INFOPLIST_FILE = Chronometer/Info.plist;
				LD_RUNPATH_SEARCH_PATHS = (
					"$(inherited)",
					"@executable_path/Frameworks",
				);
				PRODUCT_BUNDLE_IDENTIFIER = blorenzo.Chronometer;
				PRODUCT_NAME = "$(TARGET_NAME)";
				SWIFT_VERSION = 5.0;
				TARGETED_DEVICE_FAMILY = "1,2";
			};
			name = Release;
		};
/* End XCBuildConfiguration section */

/* Begin XCConfigurationList section */
		BCD5C53423E6629500405DEA /* Build configuration list for PBXProject "Chronometer" */ = {
			isa = XCConfigurationList;
			buildConfigurations = (
				BCD5C54B23E6629900405DEA /* Debug */,
				BCD5C54C23E6629900405DEA /* Release */,
			);
			defaultConfigurationIsVisible = 0;
			defaultConfigurationName = Release;
		};
		BCD5C54D23E6629900405DEA /* Build configuration list for PBXNativeTarget "Chronometer" */ = {
			isa = XCConfigurationList;
			buildConfigurations = (
				BCD5C54E23E6629900405DEA /* Debug */,
				BCD5C54F23E6629900405DEA /* Release */,
			);
			defaultConfigurationIsVisible = 0;
			defaultConfigurationName = Release;
		};
/* End XCConfigurationList section */
	};
	rootObject = BCD5C53123E6629500405DEA /* Project object */;
}
